github.com/lib/pq v1.11.2 h1:x6gxUeu39V0BHZiugWe8LXZYZ+Utk7hSJGThs8sdzfs=
github.com/lib/pq v1.11.2/go.mod h1:/p+8NSbOcwzAEI7wiMXFlgydTwcgTr3OSKMsD2BitpA=
github.com/tinywasm/fmt v0.22.0 h1:WaynKxAG4SFLlUNa2BRHdtuoLwsTQWdfhJ3AnUHtnGA=
github.com/tinywasm/fmt v0.22.0/go.mod h1:L2GCAi6asgytPV6TVvGrRq5Ml+DkUt1Ijo5i/2J1jOY=
github.com/tinywasm/orm v0.6.0 h1:jTV725oukQKtNNJBuoppaC4ujFBHvM4y5aZjFXi4tzw=
github.com/tinywasm/orm v0.6.0/go.mod h1:eJaeqSaM/2d0RAUW6KU5cNNXUpVVhS1U97ES+oMqoFo=
