github.com/lib/pq v1.11.2 h1:x6gxUeu39V0BHZiugWe8LXZYZ+Utk7hSJGThs8sdzfs=
github.com/lib/pq v1.11.2/go.mod h1:/p+8NSbOcwzAEI7wiMXFlgydTwcgTr3OSKMsD2BitpA=
github.com/tinywasm/fmt v0.23.3 h1:THlrMnZaxfRWh0++Klx7iHcEmfHGc2pX8uFk4PyYWBE=
github.com/tinywasm/fmt v0.23.3/go.mod h1:L2GCAi6asgytPV6TVvGrRq5Ml+DkUt1Ijo5i/2J1jOY=
github.com/tinywasm/orm v0.7.4 h1:aT0sWI+qhjPZpQW0ptj5XFxaMokw0NKFFT1FuGnw61M=
github.com/tinywasm/orm v0.7.4/go.mod h1:5am9rL7h0m5rqpWWZ1wEY8dTeanKAhQ/q0Y4lMldlPg=
